
Microsoft Visual Studio Solution File, Format Version 12.00
# Visual Studio Version 17
VisualStudioVersion = 17.12.35527.113 d17.12
MinimumVisualStudioVersion = 10.0.40219.1
Project("{FAE04EC0-301F-11D3-BF4B-00C04F79EFBC}") = "ControleProdutoEstoque", "ControleProdutoEstoque.csproj", "{CF06272C-C2DA-4D96-8A6A-6A03C85FCCEB}"
EndProject
Global
	GlobalSection(SolutionConfigurationPlatforms) = preSolution
		Debug|Any CPU = Debug|Any CPU
		Release|Any CPU = Release|Any CPU
	EndGlobalSection
	GlobalSection(ProjectConfigurationPlatforms) = postSolution
		{CF06272C-C2DA-4D96-8A6A-6A03C85FCCEB}.Debug|Any CPU.ActiveCfg = Debug|Any CPU
		{CF06272C-C2DA-4D96-8A6A-6A03C85FCCEB}.Debug|Any CPU.Build.0 = Debug|Any CPU
		{CF06272C-C2DA-4D96-8A6A-6A03C85FCCEB}.Release|Any CPU.ActiveCfg = Release|Any CPU
		{CF06272C-C2DA-4D96-8A6A-6A03C85FCCEB}.Release|Any CPU.Build.0 = Release|Any CPU
	EndGlobalSection
	GlobalSection(SolutionProperties) = preSolution
		HideSolutionNode = FALSE
	EndGlobalSection
EndGlobal
